
Microsoft Visual Studio Solution File, Format Version 12.00
Project("{FAE04EC0-301F-11D3-BF4B-00C04F79EFBC}") = "HW 3.1", "HW 3.1.csproj", "{3230B9B4-C1C8-4F43-A336-4AFBE966E48D}"
EndProject
Global
	GlobalSection(SolutionConfigurationPlatforms) = preSolution
		Debug|Any CPU = Debug|Any CPU
		Release|Any CPU = Release|Any CPU
	EndGlobalSection
	GlobalSection(ProjectConfigurationPlatforms) = postSolution
		{3230B9B4-C1C8-4F43-A336-4AFBE966E48D}.Debug|Any CPU.ActiveCfg = Debug|Any CPU
		{3230B9B4-C1C8-4F43-A336-4AFBE966E48D}.Debug|Any CPU.Build.0 = Debug|Any CPU
		{3230B9B4-C1C8-4F43-A336-4AFBE966E48D}.Release|Any CPU.ActiveCfg = Release|Any CPU
		{3230B9B4-C1C8-4F43-A336-4AFBE966E48D}.Release|Any CPU.Build.0 = Release|Any CPU
	EndGlobalSection
EndGlobal
