
Microsoft Visual Studio Solution File, Format Version 12.00
Project("{FAE04EC0-301F-11D3-BF4B-00C04F79EFBC}") = "HW 3.6", "HW 3.6.csproj", "{0064BA20-618C-4407-9888-ABA7C64EFBE5}"
EndProject
Global
	GlobalSection(SolutionConfigurationPlatforms) = preSolution
		Debug|Any CPU = Debug|Any CPU
		Release|Any CPU = Release|Any CPU
	EndGlobalSection
	GlobalSection(ProjectConfigurationPlatforms) = postSolution
		{0064BA20-618C-4407-9888-ABA7C64EFBE5}.Debug|Any CPU.ActiveCfg = Debug|Any CPU
		{0064BA20-618C-4407-9888-ABA7C64EFBE5}.Debug|Any CPU.Build.0 = Debug|Any CPU
		{0064BA20-618C-4407-9888-ABA7C64EFBE5}.Release|Any CPU.ActiveCfg = Release|Any CPU
		{0064BA20-618C-4407-9888-ABA7C64EFBE5}.Release|Any CPU.Build.0 = Release|Any CPU
	EndGlobalSection
EndGlobal
